
Microsoft Visual Studio Solution File, Format Version 12.00
# Visual Studio Version 17
VisualStudioVersion = 17.11.35312.102
MinimumVisualStudioVersion = 10.0.40219.1
Project("{FAE04EC0-301F-11D3-BF4B-00C04F79EFBC}") = "SC-601-PA-G9-MN", "Proyecto01\SC-601-PA-G9-MN.csproj", "{57D3B7EF-B47C-4B2B-A333-50B8AF799F53}"
EndProject
Global
	GlobalSection(SolutionConfigurationPlatforms) = preSolution
		Debug|Any CPU = Debug|Any CPU
		Release|Any CPU = Release|Any CPU
	EndGlobalSection
	GlobalSection(ProjectConfigurationPlatforms) = postSolution
		{57D3B7EF-B47C-4B2B-A333-50B8AF799F53}.Debug|Any CPU.ActiveCfg = Debug|Any CPU
		{57D3B7EF-B47C-4B2B-A333-50B8AF799F53}.Debug|Any CPU.Build.0 = Debug|Any CPU
		{57D3B7EF-B47C-4B2B-A333-50B8AF799F53}.Release|Any CPU.ActiveCfg = Release|Any CPU
		{57D3B7EF-B47C-4B2B-A333-50B8AF799F53}.Release|Any CPU.Build.0 = Release|Any CPU
	EndGlobalSection
	GlobalSection(SolutionProperties) = preSolution
		HideSolutionNode = FALSE
	EndGlobalSection
	GlobalSection(ExtensibilityGlobals) = postSolution
		SolutionGuid = {D3D8F112-0028-414C-B287-6FE6EBEC3D54}
	EndGlobalSection
EndGlobal
